
Microsoft Visual Studio Solution File, Format Version 12.00
# Visual Studio 15
VisualStudioVersion = 15.0.27703.2042
MinimumVisualStudioVersion = 10.0.40219.1
Project("{FAE04EC0-301F-11D3-BF4B-00C04F79EFBC}") = "Storage Account Migrator", "Storage Account Migrator\Storage Account Migrator.csproj", "{1514F486-5C24-4A22-8F5F-968078CB86FB}"
EndProject
Global
	GlobalSection(SolutionConfigurationPlatforms) = preSolution
		Debug|Any CPU = Debug|Any CPU
		Release|Any CPU = Release|Any CPU
	EndGlobalSection
	GlobalSection(ProjectConfigurationPlatforms) = postSolution
		{1514F486-5C24-4A22-8F5F-968078CB86FB}.Debug|Any CPU.ActiveCfg = Debug|Any CPU
		{1514F486-5C24-4A22-8F5F-968078CB86FB}.Debug|Any CPU.Build.0 = Debug|Any CPU
		{1514F486-5C24-4A22-8F5F-968078CB86FB}.Release|Any CPU.ActiveCfg = Release|Any CPU
		{1514F486-5C24-4A22-8F5F-968078CB86FB}.Release|Any CPU.Build.0 = Release|Any CPU
	EndGlobalSection
	GlobalSection(SolutionProperties) = preSolution
		HideSolutionNode = FALSE
	EndGlobalSection
	GlobalSection(ExtensibilityGlobals) = postSolution
		SolutionGuid = {1AF35DDD-637D-4A06-BED4-527E36FE8EC2}
	EndGlobalSection
EndGlobal
